// !$*UTF8*$!
{
	archiveVersion = 1;
	classes = {
	};
	objectVersion = 50;
	objects = {

/* Begin PBXBuildFile section */
		D295577921517B04007690FC /* AppDelegate.swift in Sources */ = {isa = PBXBuildFile; fileRef = D295577821517B04007690FC /* AppDelegate.swift */; };
		D295577B21517B04007690FC /* ViewController.swift in Sources */ = {isa = PBXBuildFile; fileRef = D295577A21517B04007690FC /* ViewController.swift */; };
		D295577E21517B04007690FC /* Main.storyboard in Resources */ = {isa = PBXBuildFile; fileRef = D295577C21517B04007690FC /* Main.storyboard */; };
		D295578021517B07007690FC /* Assets.xcassets in Resources */ = {isa = PBXBuildFile; fileRef = D295577F21517B07007690FC /* Assets.xcassets */; };
		D295578321517B07007690FC /* LaunchScreen.storyboard in Resources */ = {isa = PBXBuildFile; fileRef = D295578121517B07007690FC /* LaunchScreen.storyboard */; };
		D295578B21517B73007690FC /* APIInterface.swift in Sources */ = {isa = PBXBuildFile; fileRef = D295578A21517B73007690FC /* APIInterface.swift */; };
		D295578D21518470007690FC /* DeliveryModel.swift in Sources */ = {isa = PBXBuildFile; fileRef = D295578C21518470007690FC /* DeliveryModel.swift */; };
		D295578F215189A4007690FC /* DescriptionCell.swift in Sources */ = {isa = PBXBuildFile; fileRef = D295578E215189A4007690FC /* DescriptionCell.swift */; };
		D2955791215189CB007690FC /* DetailCell.swift in Sources */ = {isa = PBXBuildFile; fileRef = D2955790215189CB007690FC /* DetailCell.swift */; };
		D295579321518B23007690FC /* UIViewExtensions.swift in Sources */ = {isa = PBXBuildFile; fileRef = D295579221518B23007690FC /* UIViewExtensions.swift */; };
/* End PBXBuildFile section */

/* Begin PBXFileReference section */
		D295577521517B04007690FC /* SampleChallenge.app */ = {isa = PBXFileReference; explicitFileType = wrapper.application; includeInIndex = 0; path = SampleChallenge.app; sourceTree = BUILT_PRODUCTS_DIR; };
		D295577821517B04007690FC /* AppDelegate.swift */ = {isa = PBXFileReference; lastKnownFileType = sourcecode.swift; path = AppDelegate.swift; sourceTree = "<group>"; };
		D295577A21517B04007690FC /* ViewController.swift */ = {isa = PBXFileReference; lastKnownFileType = sourcecode.swift; path = ViewController.swift; sourceTree = "<group>"; };
		D295577D21517B04007690FC /* Base */ = {isa = PBXFileReference; lastKnownFileType = file.storyboard; name = Base; path = Base.lproj/Main.storyboard; sourceTree = "<group>"; };
		D295577F21517B07007690FC /* Assets.xcassets */ = {isa = PBXFileReference; lastKnownFileType = folder.assetcatalog; path = Assets.xcassets; sourceTree = "<group>"; };
		D295578221517B07007690FC /* Base */ = {isa = PBXFileReference; lastKnownFileType = file.storyboard; name = Base; path = Base.lproj/LaunchScreen.storyboard; sourceTree = "<group>"; };
		D295578421517B07007690FC /* Info.plist */ = {isa = PBXFileReference; lastKnownFileType = text.plist.xml; path = Info.plist; sourceTree = "<group>"; };
		D295578A21517B73007690FC /* APIInterface.swift */ = {isa = PBXFileReference; lastKnownFileType = sourcecode.swift; path = APIInterface.swift; sourceTree = "<group>"; };
		D295578C21518470007690FC /* DeliveryModel.swift */ = {isa = PBXFileReference; lastKnownFileType = sourcecode.swift; path = DeliveryModel.swift; sourceTree = "<group>"; };
		D295578E215189A4007690FC /* DescriptionCell.swift */ = {isa = PBXFileReference; lastKnownFileType = sourcecode.swift; path = DescriptionCell.swift; sourceTree = "<group>"; };
		D2955790215189CB007690FC /* DetailCell.swift */ = {isa = PBXFileReference; lastKnownFileType = sourcecode.swift; path = DetailCell.swift; sourceTree = "<group>"; };
		D295579221518B23007690FC /* UIViewExtensions.swift */ = {isa = PBXFileReference; lastKnownFileType = sourcecode.swift; path = UIViewExtensions.swift; sourceTree = "<group>"; };
/* End PBXFileReference section */

/* Begin PBXFrameworksBuildPhase section */
		D295577221517B04007690FC /* Frameworks */ = {
			isa = PBXFrameworksBuildPhase;
			buildActionMask = 2147483647;
			files = (
			);
			runOnlyForDeploymentPostprocessing = 0;
		};
/* End PBXFrameworksBuildPhase section */

/* Begin PBXGroup section */
		D295576C21517B04007690FC = {
			isa = PBXGroup;
			children = (
				D295577721517B04007690FC /* SampleChallenge */,
				D295577621517B04007690FC /* Products */,
			);
			sourceTree = "<group>";
		};
		D295577621517B04007690FC /* Products */ = {
			isa = PBXGroup;
			children = (
				D295577521517B04007690FC /* SampleChallenge.app */,
			);
			name = Products;
			sourceTree = "<group>";
		};
		D295577721517B04007690FC /* SampleChallenge */ = {
			isa = PBXGroup;
			children = (
				D295577821517B04007690FC /* AppDelegate.swift */,
				D295577A21517B04007690FC /* ViewController.swift */,
				D295577C21517B04007690FC /* Main.storyboard */,
				D295577F21517B07007690FC /* Assets.xcassets */,
				D295578121517B07007690FC /* LaunchScreen.storyboard */,
				D295578421517B07007690FC /* Info.plist */,
				D295578A21517B73007690FC /* APIInterface.swift */,
				D295578C21518470007690FC /* DeliveryModel.swift */,
				D295578E215189A4007690FC /* DescriptionCell.swift */,
				D2955790215189CB007690FC /* DetailCell.swift */,
				D295579221518B23007690FC /* UIViewExtensions.swift */,
			);
			path = SampleChallenge;
			sourceTree = "<group>";
		};
/* End PBXGroup section */

/* Begin PBXNativeTarget section */
		D295577421517B04007690FC /* SampleChallenge */ = {
			isa = PBXNativeTarget;
			buildConfigurationList = D295578721517B07007690FC /* Build configuration list for PBXNativeTarget "SampleChallenge" */;
			buildPhases = (
				D295577121517B04007690FC /* Sources */,
				D295577221517B04007690FC /* Frameworks */,
				D295577321517B04007690FC /* Resources */,
			);
			buildRules = (
			);
			dependencies = (
			);
			name = SampleChallenge;
			productName = SampleChallenge;
			productReference = D295577521517B04007690FC /* SampleChallenge.app */;
			productType = "com.apple.product-type.application";
		};
/* End PBXNativeTarget section */

/* Begin PBXProject section */
		D295576D21517B04007690FC /* Project object */ = {
			isa = PBXProject;
			attributes = {
				LastSwiftUpdateCheck = 1000;
				LastUpgradeCheck = 1000;
				ORGANIZATIONNAME = "ashif khan";
				TargetAttributes = {
					D295577421517B04007690FC = {
						CreatedOnToolsVersion = 10.0;
					};
				};
			};
			buildConfigurationList = D295577021517B04007690FC /* Build configuration list for PBXProject "SampleChallenge" */;
			compatibilityVersion = "Xcode 9.3";
			developmentRegion = en;
			hasScannedForEncodings = 0;
			knownRegions = (
				en,
				Base,
			);
			mainGroup = D295576C21517B04007690FC;
			productRefGroup = D295577621517B04007690FC /* Products */;
			projectDirPath = "";
			projectRoot = "";
			targets = (
				D295577421517B04007690FC /* SampleChallenge */,
			);
		};
/* End PBXProject section */

/* Begin PBXResourcesBuildPhase section */
		D295577321517B04007690FC /* Resources */ = {
			isa = PBXResourcesBuildPhase;
			buildActionMask = 2147483647;
			files = (
				D295578321517B07007690FC /* LaunchScreen.storyboard in Resources */,
				D295578021517B07007690FC /* Assets.xcassets in Resources */,
				D295577E21517B04007690FC /* Main.storyboard in Resources */,
			);
			runOnlyForDeploymentPostprocessing = 0;
		};
/* End PBXResourcesBuildPhase section */

/* Begin PBXSourcesBuildPhase section */
		D295577121517B04007690FC /* Sources */ = {
			isa = PBXSourcesBuildPhase;
			buildActionMask = 2147483647;
			files = (
				D295577B21517B04007690FC /* ViewController.swift in Sources */,
				D295579321518B23007690FC /* UIViewExtensions.swift in Sources */,
				D295578B21517B73007690FC /* APIInterface.swift in Sources */,
				D2955791215189CB007690FC /* DetailCell.swift in Sources */,
				D295577921517B04007690FC /* AppDelegate.swift in Sources */,
				D295578D21518470007690FC /* DeliveryModel.swift in Sources */,
				D295578F215189A4007690FC /* DescriptionCell.swift in Sources */,
			);
			runOnlyForDeploymentPostprocessing = 0;
		};
/* End PBXSourcesBuildPhase section */

/* Begin PBXVariantGroup section */
		D295577C21517B04007690FC /* Main.storyboard */ = {
			isa = PBXVariantGroup;
			children = (
				D295577D21517B04007690FC /* Base */,
			);
			name = Main.storyboard;
			sourceTree = "<group>";
		};
		D295578121517B07007690FC /* LaunchScreen.storyboard */ = {
			isa = PBXVariantGroup;
			children = (
				D295578221517B07007690FC /* Base */,
			);
			name = LaunchScreen.storyboard;
			sourceTree = "<group>";
		};
/* End PBXVariantGroup section */

/* Begin XCBuildConfiguration section */
		D295578521517B07007690FC /* Debug */ = {
			isa = XCBuildConfiguration;
			buildSettings = {
				ALWAYS_SEARCH_USER_PATHS = NO;
				CLANG_ANALYZER_NONNULL = YES;
				CLANG_ANALYZER_NUMBER_OBJECT_CONVERSION = YES_AGGRESSIVE;
				CLANG_CXX_LANGUAGE_STANDARD = "gnu++14";
				CLANG_CXX_LIBRARY = "libc++";
				CLANG_ENABLE_MODULES = YES;
				CLANG_ENABLE_OBJC_ARC = YES;
				CLANG_ENABLE_OBJC_WEAK = YES;
				CLANG_WARN_BLOCK_CAPTURE_AUTORELEASING = YES;
				CLANG_WARN_BOOL_CONVERSION = YES;
				CLANG_WARN_COMMA = YES;
				CLANG_WARN_CONSTANT_CONVERSION = YES;
				CLANG_WARN_DEPRECATED_OBJC_IMPLEMENTATIONS = YES;
				CLANG_WARN_DIRECT_OBJC_ISA_USAGE = YES_ERROR;
				CLANG_WARN_DOCUMENTATION_COMMENTS = YES;
				CLANG_WARN_EMPTY_BODY = YES;
				CLANG_WARN_ENUM_CONVERSION = YES;
				CLANG_WARN_INFINITE_RECURSION = YES;
				CLANG_WARN_INT_CONVERSION = YES;
				CLANG_WARN_NON_LITERAL_NULL_CONVERSION = YES;
				CLANG_WARN_OBJC_IMPLICIT_RETAIN_SELF = YES;
				CLANG_WARN_OBJC_LITERAL_CONVERSION = YES;
				CLANG_WARN_OBJC_ROOT_CLASS = YES_ERROR;
				CLANG_WARN_RANGE_LOOP_ANALYSIS = YES;
				CLANG_WARN_STRICT_PROTOTYPES = YES;
				CLANG_WARN_SUSPICIOUS_MOVE = YES;
				CLANG_WARN_UNGUARDED_AVAILABILITY = YES_AGGRESSIVE;
				CLANG_WARN_UNREACHABLE_CODE = YES;
				CLANG_WARN__DUPLICATE_METHOD_MATCH = YES;
				CODE_SIGN_IDENTITY = "iPhone Developer";
				COPY_PHASE_STRIP = NO;
				DEBUG_INFORMATION_FORMAT = dwarf;
				ENABLE_STRICT_OBJC_MSGSEND = YES;
				ENABLE_TESTABILITY = YES;
				GCC_C_LANGUAGE_STANDARD = gnu11;
				GCC_DYNAMIC_NO_PIC = NO;
				GCC_NO_COMMON_BLOCKS = YES;
				GCC_OPTIMIZATION_LEVEL = 0;
				GCC_PREPROCESSOR_DEFINITIONS = (
					"DEBUG=1",
					"$(inherited)",
				);
				GCC_WARN_64_TO_32_BIT_CONVERSION = YES;
				GCC_WARN_ABOUT_RETURN_TYPE = YES_ERROR;
				GCC_WARN_UNDECLARED_SELECTOR = YES;
				GCC_WARN_UNINITIALIZED_AUTOS = YES_AGGRESSIVE;
				GCC_WARN_UNUSED_FUNCTION = YES;
				GCC_WARN_UNUSED_VARIABLE = YES;
				IPHONEOS_DEPLOYMENT_TARGET = 12.0;
				MTL_ENABLE_DEBUG_INFO = INCLUDE_SOURCE;
				MTL_FAST_MATH = YES;
				ONLY_ACTIVE_ARCH = YES;
				SDKROOT = iphoneos;
				SWIFT_ACTIVE_COMPILATION_CONDITIONS = DEBUG;
				SWIFT_OPTIMIZATION_LEVEL = "-Onone";
			};
			name = Debug;
		};
		D295578621517B07007690FC /* Release */ = {
			isa = XCBuildConfiguration;
			buildSettings = {
				ALWAYS_SEARCH_USER_PATHS = NO;
				CLANG_ANALYZER_NONNULL = YES;
				CLANG_ANALYZER_NUMBER_OBJECT_CONVERSION = YES_AGGRESSIVE;
				CLANG_CXX_LANGUAGE_STANDARD = "gnu++14";
				CLANG_CXX_LIBRARY = "libc++";
				CLANG_ENABLE_MODULES = YES;
				CLANG_ENABLE_OBJC_ARC = YES;
				CLANG_ENABLE_OBJC_WEAK = YES;
				CLANG_WARN_BLOCK_CAPTURE_AUTORELEASING = YES;
				CLANG_WARN_BOOL_CONVERSION = YES;
				CLANG_WARN_COMMA = YES;
				CLANG_WARN_CONSTANT_CONVERSION = YES;
				CLANG_WARN_DEPRECATED_OBJC_IMPLEMENTATIONS = YES;
				CLANG_WARN_DIRECT_OBJC_ISA_USAGE = YES_ERROR;
				CLANG_WARN_DOCUMENTATION_COMMENTS = YES;
				CLANG_WARN_EMPTY_BODY = YES;
				CLANG_WARN_ENUM_CONVERSION = YES;
				CLANG_WARN_INFINITE_RECURSION = YES;
				CLANG_WARN_INT_CONVERSION = YES;
				CLANG_WARN_NON_LITERAL_NULL_CONVERSION = YES;
				CLANG_WARN_OBJC_IMPLICIT_RETAIN_SELF = YES;
				CLANG_WARN_OBJC_LITERAL_CONVERSION = YES;
				CLANG_WARN_OBJC_ROOT_CLASS = YES_ERROR;
				CLANG_WARN_RANGE_LOOP_ANALYSIS = YES;
				CLANG_WARN_STRICT_PROTOTYPES = YES;
				CLANG_WARN_SUSPICIOUS_MOVE = YES;
				CLANG_WARN_UNGUARDED_AVAILABILITY = YES_AGGRESSIVE;
				CLANG_WARN_UNREACHABLE_CODE = YES;
				CLANG_WARN__DUPLICATE_METHOD_MATCH = YES;
				CODE_SIGN_IDENTITY = "iPhone Developer";
				COPY_PHASE_STRIP = NO;
				DEBUG_INFORMATION_FORMAT = "dwarf-with-dsym";
				ENABLE_NS_ASSERTIONS = NO;
				ENABLE_STRICT_OBJC_MSGSEND = YES;
				GCC_C_LANGUAGE_STANDARD = gnu11;
				GCC_NO_COMMON_BLOCKS = YES;
				GCC_WARN_64_TO_32_BIT_CONVERSION = YES;
				GCC_WARN_ABOUT_RETURN_TYPE = YES_ERROR;
				GCC_WARN_UNDECLARED_SELECTOR = YES;
				GCC_WARN_UNINITIALIZED_AUTOS = YES_AGGRESSIVE;
				GCC_WARN_UNUSED_FUNCTION = YES;
				GCC_WARN_UNUSED_VARIABLE = YES;
				IPHONEOS_DEPLOYMENT_TARGET = 12.0;
				MTL_ENABLE_DEBUG_INFO = NO;
				MTL_FAST_MATH = YES;
				SDKROOT = iphoneos;
				SWIFT_COMPILATION_MODE = wholemodule;
				SWIFT_OPTIMIZATION_LEVEL = "-O";
				VALIDATE_PRODUCT = YES;
			};
			name = Release;
		};
		D295578821517B07007690FC /* Debug */ = {
			isa = XCBuildConfiguration;
			buildSettings = {
				ASSETCATALOG_COMPILER_APPICON_NAME = AppIcon;
				CODE_SIGN_STYLE = Automatic;
				DEVELOPMENT_TEAM = M8P5A2V7NG;
				INFOPLIST_FILE = SampleChallenge/Info.plist;
				LD_RUNPATH_SEARCH_PATHS = (
					"$(inherited)",
					"@executable_path/Frameworks",
				);
				PRODUCT_BUNDLE_IDENTIFIER = com.ashif.SampleChallenge;
				PRODUCT_NAME = "$(TARGET_NAME)";
				SWIFT_VERSION = 4.2;
				TARGETED_DEVICE_FAMILY = "1,2";
			};
			name = Debug;
		};
		D295578921517B07007690FC /* Release */ = {
			isa = XCBuildConfiguration;
			buildSettings = {
				ASSETCATALOG_COMPILER_APPICON_NAME = AppIcon;
				CODE_SIGN_STYLE = Automatic;
				DEVELOPMENT_TEAM = M8P5A2V7NG;
				INFOPLIST_FILE = SampleChallenge/Info.plist;
				LD_RUNPATH_SEARCH_PATHS = (
					"$(inherited)",
					"@executable_path/Frameworks",
				);
				PRODUCT_BUNDLE_IDENTIFIER = com.ashif.SampleChallenge;
				PRODUCT_NAME = "$(TARGET_NAME)";
				SWIFT_VERSION = 4.2;
				TARGETED_DEVICE_FAMILY = "1,2";
			};
			name = Release;
		};
/* End XCBuildConfiguration section */

/* Begin XCConfigurationList section */
		D295577021517B04007690FC /* Build configuration list for PBXProject "SampleChallenge" */ = {
			isa = XCConfigurationList;
			buildConfigurations = (
				D295578521517B07007690FC /* Debug */,
				D295578621517B07007690FC /* Release */,
			);
			defaultConfigurationIsVisible = 0;
			defaultConfigurationName = Release;
		};
		D295578721517B07007690FC /* Build configuration list for PBXNativeTarget "SampleChallenge" */ = {
			isa = XCConfigurationList;
			buildConfigurations = (
				D295578821517B07007690FC /* Debug */,
				D295578921517B07007690FC /* Release */,
			);
			defaultConfigurationIsVisible = 0;
			defaultConfigurationName = Release;
		};
/* End XCConfigurationList section */
	};
	rootObject = D295576D21517B04007690FC /* Project object */;
}
